
Microsoft Visual Studio Solution File, Format Version 12.00
# Visual Studio 15
VisualStudioVersion = 15.0.27130.2003
MinimumVisualStudioVersion = 10.0.40219.1
Project("{F2A71F9B-5D33-465A-A702-920D77279786}") = "05", "05\05.fsproj", "{CA03DB7B-684E-40BE-B667-5CF7E6FE5F24}"
EndProject
Global
	GlobalSection(SolutionConfigurationPlatforms) = preSolution
		Debug|Any CPU = Debug|Any CPU
		Release|Any CPU = Release|Any CPU
	EndGlobalSection
	GlobalSection(ProjectConfigurationPlatforms) = postSolution
		{CA03DB7B-684E-40BE-B667-5CF7E6FE5F24}.Debug|Any CPU.ActiveCfg = Debug|Any CPU
		{CA03DB7B-684E-40BE-B667-5CF7E6FE5F24}.Debug|Any CPU.Build.0 = Debug|Any CPU
		{CA03DB7B-684E-40BE-B667-5CF7E6FE5F24}.Release|Any CPU.ActiveCfg = Release|Any CPU
		{CA03DB7B-684E-40BE-B667-5CF7E6FE5F24}.Release|Any CPU.Build.0 = Release|Any CPU
	EndGlobalSection
	GlobalSection(SolutionProperties) = preSolution
		HideSolutionNode = FALSE
	EndGlobalSection
	GlobalSection(ExtensibilityGlobals) = postSolution
		SolutionGuid = {9A61E737-E83D-4321-9BC0-DF0E4CDD5EA9}
	EndGlobalSection
EndGlobal
